
Microsoft Visual Studio Solution File, Format Version 12.00
# Visual Studio Version 16
VisualStudioVersion = 16.0.29409.12
MinimumVisualStudioVersion = 10.0.40219.1
Project("{FAE04EC0-301F-11D3-BF4B-00C04F79EFBC}") = "Affine", "Affine\Affine.csproj", "{1AFA0344-C03B-408B-ABD2-F95F2731DF9C}"
EndProject
Global
	GlobalSection(SolutionConfigurationPlatforms) = preSolution
		Debug|Any CPU = Debug|Any CPU
		Release|Any CPU = Release|Any CPU
	EndGlobalSection
	GlobalSection(ProjectConfigurationPlatforms) = postSolution
		{1AFA0344-C03B-408B-ABD2-F95F2731DF9C}.Debug|Any CPU.ActiveCfg = Debug|Any CPU
		{1AFA0344-C03B-408B-ABD2-F95F2731DF9C}.Debug|Any CPU.Build.0 = Debug|Any CPU
		{1AFA0344-C03B-408B-ABD2-F95F2731DF9C}.Release|Any CPU.ActiveCfg = Release|Any CPU
		{1AFA0344-C03B-408B-ABD2-F95F2731DF9C}.Release|Any CPU.Build.0 = Release|Any CPU
	EndGlobalSection
	GlobalSection(SolutionProperties) = preSolution
		HideSolutionNode = FALSE
	EndGlobalSection
	GlobalSection(ExtensibilityGlobals) = postSolution
		SolutionGuid = {0A86995D-AADF-491A-A0D0-BEA534FAA359}
	EndGlobalSection
EndGlobal
