
Microsoft Visual Studio Solution File, Format Version 12.00
# Visual Studio Version 16
VisualStudioVersion = 16.0.29306.81
MinimumVisualStudioVersion = 10.0.40219.1
Project("{FAE04EC0-301F-11D3-BF4B-00C04F79EFBC}") = "RasterAlgorithms", "RasterAlgorithms\RasterAlgorithms.csproj", "{D28E2ECE-8426-4D80-ABBE-3A1BCEE813D1}"
EndProject
Global
	GlobalSection(SolutionConfigurationPlatforms) = preSolution
		Debug|Any CPU = Debug|Any CPU
		Release|Any CPU = Release|Any CPU
	EndGlobalSection
	GlobalSection(ProjectConfigurationPlatforms) = postSolution
		{D28E2ECE-8426-4D80-ABBE-3A1BCEE813D1}.Debug|Any CPU.ActiveCfg = Debug|Any CPU
		{D28E2ECE-8426-4D80-ABBE-3A1BCEE813D1}.Debug|Any CPU.Build.0 = Debug|Any CPU
		{D28E2ECE-8426-4D80-ABBE-3A1BCEE813D1}.Release|Any CPU.ActiveCfg = Release|Any CPU
		{D28E2ECE-8426-4D80-ABBE-3A1BCEE813D1}.Release|Any CPU.Build.0 = Release|Any CPU
	EndGlobalSection
	GlobalSection(SolutionProperties) = preSolution
		HideSolutionNode = FALSE
	EndGlobalSection
	GlobalSection(ExtensibilityGlobals) = postSolution
		SolutionGuid = {B55BD08C-37C6-4D94-ADE9-B7BFFE80AF17}
	EndGlobalSection
EndGlobal
